// !$*UTF8*$!
{
	archiveVersion = 1;
	classes = {
	};
	objectVersion = 46;
	objects = {

/* Begin PBXBuildFile section */
		D34216EB1C638F53008576DF /* AppDelegate.swift in Sources */ = {isa = PBXBuildFile; fileRef = D34216EA1C638F53008576DF /* AppDelegate.swift */; };
		D34216ED1C638F53008576DF /* ViewController.swift in Sources */ = {isa = PBXBuildFile; fileRef = D34216EC1C638F53008576DF /* ViewController.swift */; };
		D34216F01C638F53008576DF /* Main.storyboard in Resources */ = {isa = PBXBuildFile; fileRef = D34216EE1C638F53008576DF /* Main.storyboard */; };
		D34216F21C638F53008576DF /* Assets.xcassets in Resources */ = {isa = PBXBuildFile; fileRef = D34216F11C638F53008576DF /* Assets.xcassets */; };
		D34216F51C638F53008576DF /* LaunchScreen.storyboard in Resources */ = {isa = PBXBuildFile; fileRef = D34216F31C638F53008576DF /* LaunchScreen.storyboard */; };
/* End PBXBuildFile section */

/* Begin PBXFileReference section */
		D34216E71C638F53008576DF /* peliculas.app */ = {isa = PBXFileReference; explicitFileType = wrapper.application; includeInIndex = 0; path = peliculas.app; sourceTree = BUILT_PRODUCTS_DIR; };
		D34216EA1C638F53008576DF /* AppDelegate.swift */ = {isa = PBXFileReference; lastKnownFileType = sourcecode.swift; path = AppDelegate.swift; sourceTree = "<group>"; };
		D34216EC1C638F53008576DF /* ViewController.swift */ = {isa = PBXFileReference; lastKnownFileType = sourcecode.swift; path = ViewController.swift; sourceTree = "<group>"; };
		D34216EF1C638F53008576DF /* Base */ = {isa = PBXFileReference; lastKnownFileType = file.storyboard; name = Base; path = Base.lproj/Main.storyboard; sourceTree = "<group>"; };
		D34216F11C638F53008576DF /* Assets.xcassets */ = {isa = PBXFileReference; lastKnownFileType = folder.assetcatalog; path = Assets.xcassets; sourceTree = "<group>"; };
		D34216F41C638F53008576DF /* Base */ = {isa = PBXFileReference; lastKnownFileType = file.storyboard; name = Base; path = Base.lproj/LaunchScreen.storyboard; sourceTree = "<group>"; };
		D34216F61C638F53008576DF /* Info.plist */ = {isa = PBXFileReference; lastKnownFileType = text.plist.xml; path = Info.plist; sourceTree = "<group>"; };
/* End PBXFileReference section */

/* Begin PBXFrameworksBuildPhase section */
		D34216E41C638F53008576DF /* Frameworks */ = {
			isa = PBXFrameworksBuildPhase;
			buildActionMask = 2147483647;
			files = (
			);
			runOnlyForDeploymentPostprocessing = 0;
		};
/* End PBXFrameworksBuildPhase section */

/* Begin PBXGroup section */
		D34216DE1C638F53008576DF = {
			isa = PBXGroup;
			children = (
				D34216E91C638F53008576DF /* peliculas */,
				D34216E81C638F53008576DF /* Products */,
			);
			sourceTree = "<group>";
		};
		D34216E81C638F53008576DF /* Products */ = {
			isa = PBXGroup;
			children = (
				D34216E71C638F53008576DF /* peliculas.app */,
			);
			name = Products;
			sourceTree = "<group>";
		};
		D34216E91C638F53008576DF /* peliculas */ = {
			isa = PBXGroup;
			children = (
				D34216EA1C638F53008576DF /* AppDelegate.swift */,
				D34216EC1C638F53008576DF /* ViewController.swift */,
				D34216EE1C638F53008576DF /* Main.storyboard */,
				D34216F11C638F53008576DF /* Assets.xcassets */,
				D34216F31C638F53008576DF /* LaunchScreen.storyboard */,
				D34216F61C638F53008576DF /* Info.plist */,
			);
			path = peliculas;
			sourceTree = "<group>";
		};
/* End PBXGroup section */

/* Begin PBXNativeTarget section */
		D34216E61C638F53008576DF /* peliculas */ = {
			isa = PBXNativeTarget;
			buildConfigurationList = D34216F91C638F53008576DF /* Build configuration list for PBXNativeTarget "peliculas" */;
			buildPhases = (
				D34216E31C638F53008576DF /* Sources */,
				D34216E41C638F53008576DF /* Frameworks */,
				D34216E51C638F53008576DF /* Resources */,
			);
			buildRules = (
			);
			dependencies = (
			);
			name = peliculas;
			productName = peliculas;
			productReference = D34216E71C638F53008576DF /* peliculas.app */;
			productType = "com.apple.product-type.application";
		};
/* End PBXNativeTarget section */

/* Begin PBXProject section */
		D34216DF1C638F53008576DF /* Project object */ = {
			isa = PBXProject;
			attributes = {
				LastSwiftUpdateCheck = 0720;
				LastUpgradeCheck = 0720;
				ORGANIZATIONNAME = Laura;
				TargetAttributes = {
					D34216E61C638F53008576DF = {
						CreatedOnToolsVersion = 7.2;
					};
				};
			};
			buildConfigurationList = D34216E21C638F53008576DF /* Build configuration list for PBXProject "peliculas" */;
			compatibilityVersion = "Xcode 3.2";
			developmentRegion = English;
			hasScannedForEncodings = 0;
			knownRegions = (
				en,
				Base,
			);
			mainGroup = D34216DE1C638F53008576DF;
			productRefGroup = D34216E81C638F53008576DF /* Products */;
			projectDirPath = "";
			projectRoot = "";
			targets = (
				D34216E61C638F53008576DF /* peliculas */,
			);
		};
/* End PBXProject section */

/* Begin PBXResourcesBuildPhase section */
		D34216E51C638F53008576DF /* Resources */ = {
			isa = PBXResourcesBuildPhase;
			buildActionMask = 2147483647;
			files = (
				D34216F51C638F53008576DF /* LaunchScreen.storyboard in Resources */,
				D34216F21C638F53008576DF /* Assets.xcassets in Resources */,
				D34216F01C638F53008576DF /* Main.storyboard in Resources */,
			);
			runOnlyForDeploymentPostprocessing = 0;
		};
/* End PBXResourcesBuildPhase section */

/* Begin PBXSourcesBuildPhase section */
		D34216E31C638F53008576DF /* Sources */ = {
			isa = PBXSourcesBuildPhase;
			buildActionMask = 2147483647;
			files = (
				D34216ED1C638F53008576DF /* ViewController.swift in Sources */,
				D34216EB1C638F53008576DF /* AppDelegate.swift in Sources */,
			);
			runOnlyForDeploymentPostprocessing = 0;
		};
/* End PBXSourcesBuildPhase section */

/* Begin PBXVariantGroup section */
		D34216EE1C638F53008576DF /* Main.storyboard */ = {
			isa = PBXVariantGroup;
			children = (
				D34216EF1C638F53008576DF /* Base */,
			);
			name = Main.storyboard;
			sourceTree = "<group>";
		};
		D34216F31C638F53008576DF /* LaunchScreen.storyboard */ = {
			isa = PBXVariantGroup;
			children = (
				D34216F41C638F53008576DF /* Base */,
			);
			name = LaunchScreen.storyboard;
			sourceTree = "<group>";
		};
/* End PBXVariantGroup section */

/* Begin XCBuildConfiguration section */
		D34216F71C638F53008576DF /* Debug */ = {
			isa = XCBuildConfiguration;
			buildSettings = {
				ALWAYS_SEARCH_USER_PATHS = NO;
				CLANG_CXX_LANGUAGE_STANDARD = "gnu++0x";
				CLANG_CXX_LIBRARY = "libc++";
				CLANG_ENABLE_MODULES = YES;
				CLANG_ENABLE_OBJC_ARC = YES;
				CLANG_WARN_BOOL_CONVERSION = YES;
				CLANG_WARN_CONSTANT_CONVERSION = YES;
				CLANG_WARN_DIRECT_OBJC_ISA_USAGE = YES_ERROR;
				CLANG_WARN_EMPTY_BODY = YES;
				CLANG_WARN_ENUM_CONVERSION = YES;
				CLANG_WARN_INT_CONVERSION = YES;
				CLANG_WARN_OBJC_ROOT_CLASS = YES_ERROR;
				CLANG_WARN_UNREACHABLE_CODE = YES;
				CLANG_WARN__DUPLICATE_METHOD_MATCH = YES;
				"CODE_SIGN_IDENTITY[sdk=iphoneos*]" = "iPhone Developer";
				COPY_PHASE_STRIP = NO;
				DEBUG_INFORMATION_FORMAT = dwarf;
				ENABLE_STRICT_OBJC_MSGSEND = YES;
				ENABLE_TESTABILITY = YES;
				GCC_C_LANGUAGE_STANDARD = gnu99;
				GCC_DYNAMIC_NO_PIC = NO;
				GCC_NO_COMMON_BLOCKS = YES;
				GCC_OPTIMIZATION_LEVEL = 0;
				GCC_PREPROCESSOR_DEFINITIONS = (
					"DEBUG=1",
					"$(inherited)",
				);
				GCC_WARN_64_TO_32_BIT_CONVERSION = YES;
				GCC_WARN_ABOUT_RETURN_TYPE = YES_ERROR;
				GCC_WARN_UNDECLARED_SELECTOR = YES;
				GCC_WARN_UNINITIALIZED_AUTOS = YES_AGGRESSIVE;
				GCC_WARN_UNUSED_FUNCTION = YES;
				GCC_WARN_UNUSED_VARIABLE = YES;
				IPHONEOS_DEPLOYMENT_TARGET = 9.2;
				MTL_ENABLE_DEBUG_INFO = YES;
				ONLY_ACTIVE_ARCH = YES;
				SDKROOT = iphoneos;
				SWIFT_OPTIMIZATION_LEVEL = "-Onone";
				TARGETED_DEVICE_FAMILY = "1,2";
			};
			name = Debug;
		};
		D34216F81C638F53008576DF /* Release */ = {
			isa = XCBuildConfiguration;
			buildSettings = {
				ALWAYS_SEARCH_USER_PATHS = NO;
				CLANG_CXX_LANGUAGE_STANDARD = "gnu++0x";
				CLANG_CXX_LIBRARY = "libc++";
				CLANG_ENABLE_MODULES = YES;
				CLANG_ENABLE_OBJC_ARC = YES;
				CLANG_WARN_BOOL_CONVERSION = YES;
				CLANG_WARN_CONSTANT_CONVERSION = YES;
				CLANG_WARN_DIRECT_OBJC_ISA_USAGE = YES_ERROR;
				CLANG_WARN_EMPTY_BODY = YES;
				CLANG_WARN_ENUM_CONVERSION = YES;
				CLANG_WARN_INT_CONVERSION = YES;
				CLANG_WARN_OBJC_ROOT_CLASS = YES_ERROR;
				CLANG_WARN_UNREACHABLE_CODE = YES;
				CLANG_WARN__DUPLICATE_METHOD_MATCH = YES;
				"CODE_SIGN_IDENTITY[sdk=iphoneos*]" = "iPhone Developer";
				COPY_PHASE_STRIP = NO;
				DEBUG_INFORMATION_FORMAT = "dwarf-with-dsym";
				ENABLE_NS_ASSERTIONS = NO;
				ENABLE_STRICT_OBJC_MSGSEND = YES;
				GCC_C_LANGUAGE_STANDARD = gnu99;
				GCC_NO_COMMON_BLOCKS = YES;
				GCC_WARN_64_TO_32_BIT_CONVERSION = YES;
				GCC_WARN_ABOUT_RETURN_TYPE = YES_ERROR;
				GCC_WARN_UNDECLARED_SELECTOR = YES;
				GCC_WARN_UNINITIALIZED_AUTOS = YES_AGGRESSIVE;
				GCC_WARN_UNUSED_FUNCTION = YES;
				GCC_WARN_UNUSED_VARIABLE = YES;
				IPHONEOS_DEPLOYMENT_TARGET = 9.2;
				MTL_ENABLE_DEBUG_INFO = NO;
				SDKROOT = iphoneos;
				TARGETED_DEVICE_FAMILY = "1,2";
				VALIDATE_PRODUCT = YES;
			};
			name = Release;
		};
		D34216FA1C638F53008576DF /* Debug */ = {
			isa = XCBuildConfiguration;
			buildSettings = {
				ASSETCATALOG_COMPILER_APPICON_NAME = AppIcon;
				INFOPLIST_FILE = peliculas/Info.plist;
				LD_RUNPATH_SEARCH_PATHS = "$(inherited) @executable_path/Frameworks";
				PRODUCT_BUNDLE_IDENTIFIER = cice.com.peliculas;
				PRODUCT_NAME = "$(TARGET_NAME)";
			};
			name = Debug;
		};
		D34216FB1C638F53008576DF /* Release */ = {
			isa = XCBuildConfiguration;
			buildSettings = {
				ASSETCATALOG_COMPILER_APPICON_NAME = AppIcon;
				INFOPLIST_FILE = peliculas/Info.plist;
				LD_RUNPATH_SEARCH_PATHS = "$(inherited) @executable_path/Frameworks";
				PRODUCT_BUNDLE_IDENTIFIER = cice.com.peliculas;
				PRODUCT_NAME = "$(TARGET_NAME)";
			};
			name = Release;
		};
/* End XCBuildConfiguration section */

/* Begin XCConfigurationList section */
		D34216E21C638F53008576DF /* Build configuration list for PBXProject "peliculas" */ = {
			isa = XCConfigurationList;
			buildConfigurations = (
				D34216F71C638F53008576DF /* Debug */,
				D34216F81C638F53008576DF /* Release */,
			);
			defaultConfigurationIsVisible = 0;
			defaultConfigurationName = Release;
		};
		D34216F91C638F53008576DF /* Build configuration list for PBXNativeTarget "peliculas" */ = {
			isa = XCConfigurationList;
			buildConfigurations = (
				D34216FA1C638F53008576DF /* Debug */,
				D34216FB1C638F53008576DF /* Release */,
			);
			defaultConfigurationIsVisible = 0;
		};
/* End XCConfigurationList section */
	};
	rootObject = D34216DF1C638F53008576DF /* Project object */;
}
